
Microsoft Visual Studio Solution File, Format Version 12.00
# Visual Studio Version 17
VisualStudioVersion = 17.4.33213.308
MinimumVisualStudioVersion = 10.0.40219.1
Project("{FAE04EC0-301F-11D3-BF4B-00C04F79EFBC}") = "Day1.Console", "Dag1\Day1.Console.csproj", "{5BD42665-085F-4FEF-8187-FB1BD316F65B}"
EndProject
Project("{FAE04EC0-301F-11D3-BF4B-00C04F79EFBC}") = "Day1", "Day1\Day1.csproj", "{C4BB1C8F-C336-4FF2-8A87-A4079A9FA5DF}"
EndProject
Project("{FAE04EC0-301F-11D3-BF4B-00C04F79EFBC}") = "Day1.Tests", "Day1.Tests\Day1.Tests.csproj", "{CEF5DFDD-9786-4117-9C75-6C977DA2C143}"
EndProject
Global
	GlobalSection(SolutionConfigurationPlatforms) = preSolution
		Debug|Any CPU = Debug|Any CPU
		Release|Any CPU = Release|Any CPU
	EndGlobalSection
	GlobalSection(ProjectConfigurationPlatforms) = postSolution
		{5BD42665-085F-4FEF-8187-FB1BD316F65B}.Debug|Any CPU.ActiveCfg = Debug|Any CPU
		{5BD42665-085F-4FEF-8187-FB1BD316F65B}.Debug|Any CPU.Build.0 = Debug|Any CPU
		{5BD42665-085F-4FEF-8187-FB1BD316F65B}.Release|Any CPU.ActiveCfg = Release|Any CPU
		{5BD42665-085F-4FEF-8187-FB1BD316F65B}.Release|Any CPU.Build.0 = Release|Any CPU
		{C4BB1C8F-C336-4FF2-8A87-A4079A9FA5DF}.Debug|Any CPU.ActiveCfg = Debug|Any CPU
		{C4BB1C8F-C336-4FF2-8A87-A4079A9FA5DF}.Debug|Any CPU.Build.0 = Debug|Any CPU
		{C4BB1C8F-C336-4FF2-8A87-A4079A9FA5DF}.Release|Any CPU.ActiveCfg = Release|Any CPU
		{C4BB1C8F-C336-4FF2-8A87-A4079A9FA5DF}.Release|Any CPU.Build.0 = Release|Any CPU
		{CEF5DFDD-9786-4117-9C75-6C977DA2C143}.Debug|Any CPU.ActiveCfg = Debug|Any CPU
		{CEF5DFDD-9786-4117-9C75-6C977DA2C143}.Debug|Any CPU.Build.0 = Debug|Any CPU
		{CEF5DFDD-9786-4117-9C75-6C977DA2C143}.Release|Any CPU.ActiveCfg = Release|Any CPU
		{CEF5DFDD-9786-4117-9C75-6C977DA2C143}.Release|Any CPU.Build.0 = Release|Any CPU
	EndGlobalSection
	GlobalSection(SolutionProperties) = preSolution
		HideSolutionNode = FALSE
	EndGlobalSection
	GlobalSection(ExtensibilityGlobals) = postSolution
		SolutionGuid = {C5C8A511-9113-4C03-808A-70AC7B30D28B}
	EndGlobalSection
EndGlobal
